
Microsoft Visual Studio Solution File, Format Version 12.00
# Visual Studio 15
VisualStudioVersion = 15.0.28306.52
MinimumVisualStudioVersion = 10.0.40219.1
Project("{FAE04EC0-301F-11D3-BF4B-00C04F79EFBC}") = "KotProno2", "KotProno2\KotProno2.csproj", "{DDB8546C-D99E-4FF3-8843-ED6A3C506E70}"
EndProject
Project("{FAE04EC0-301F-11D3-BF4B-00C04F79EFBC}") = "KotProno2.Tests", "KotProno2.Tests\KotProno2.Tests.csproj", "{3DDB828A-F438-47FF-9DAB-6791AEF8FCC8}"
EndProject
Global
	GlobalSection(SolutionConfigurationPlatforms) = preSolution
		Debug|Any CPU = Debug|Any CPU
		Release|Any CPU = Release|Any CPU
	EndGlobalSection
	GlobalSection(ProjectConfigurationPlatforms) = postSolution
		{DDB8546C-D99E-4FF3-8843-ED6A3C506E70}.Debug|Any CPU.ActiveCfg = Debug|Any CPU
		{DDB8546C-D99E-4FF3-8843-ED6A3C506E70}.Debug|Any CPU.Build.0 = Debug|Any CPU
		{DDB8546C-D99E-4FF3-8843-ED6A3C506E70}.Release|Any CPU.ActiveCfg = Release|Any CPU
		{DDB8546C-D99E-4FF3-8843-ED6A3C506E70}.Release|Any CPU.Build.0 = Release|Any CPU
		{3DDB828A-F438-47FF-9DAB-6791AEF8FCC8}.Debug|Any CPU.ActiveCfg = Debug|Any CPU
		{3DDB828A-F438-47FF-9DAB-6791AEF8FCC8}.Debug|Any CPU.Build.0 = Debug|Any CPU
		{3DDB828A-F438-47FF-9DAB-6791AEF8FCC8}.Release|Any CPU.ActiveCfg = Release|Any CPU
		{3DDB828A-F438-47FF-9DAB-6791AEF8FCC8}.Release|Any CPU.Build.0 = Release|Any CPU
	EndGlobalSection
	GlobalSection(SolutionProperties) = preSolution
		HideSolutionNode = FALSE
	EndGlobalSection
	GlobalSection(ExtensibilityGlobals) = postSolution
		SolutionGuid = {9F1FAB13-6070-4CF5-BC46-67B8144A1414}
	EndGlobalSection
EndGlobal
